// !$*UTF8*$!
{
	archiveVersion = 1;
	classes = {
	};
	objectVersion = 48;
	objects = {

/* Begin PBXBuildFile section */
		9DEF7B96205B145E00900DE7 /* AppDelegate.swift in Sources */ = {isa = PBXBuildFile; fileRef = 9DEF7B95205B145E00900DE7 /* AppDelegate.swift */; };
		9DEF7B98205B145E00900DE7 /* ViewController.swift in Sources */ = {isa = PBXBuildFile; fileRef = 9DEF7B97205B145E00900DE7 /* ViewController.swift */; };
		9DEF7B9B205B145E00900DE7 /* Main.storyboard in Resources */ = {isa = PBXBuildFile; fileRef = 9DEF7B99205B145E00900DE7 /* Main.storyboard */; };
		9DEF7B9D205B145E00900DE7 /* Assets.xcassets in Resources */ = {isa = PBXBuildFile; fileRef = 9DEF7B9C205B145E00900DE7 /* Assets.xcassets */; };
		9DEF7BA0205B145E00900DE7 /* LaunchScreen.storyboard in Resources */ = {isa = PBXBuildFile; fileRef = 9DEF7B9E205B145E00900DE7 /* LaunchScreen.storyboard */; };
		9DEF7BAB205B145E00900DE7 /* Storyboard_AppTests.swift in Sources */ = {isa = PBXBuildFile; fileRef = 9DEF7BAA205B145E00900DE7 /* Storyboard_AppTests.swift */; };
		9DEF7BB6205B145E00900DE7 /* Storyboard_AppUITests.swift in Sources */ = {isa = PBXBuildFile; fileRef = 9DEF7BB5205B145E00900DE7 /* Storyboard_AppUITests.swift */; };
		9DEF7BC4205B178B00900DE7 /* DestinationController1.swift in Sources */ = {isa = PBXBuildFile; fileRef = 9DEF7BC3205B178B00900DE7 /* DestinationController1.swift */; };
		9DEF7BC6205B179B00900DE7 /* DestinationController2.swift in Sources */ = {isa = PBXBuildFile; fileRef = 9DEF7BC5205B179B00900DE7 /* DestinationController2.swift */; };
		9DEF7BC9205B60B100900DE7 /* images in Resources */ = {isa = PBXBuildFile; fileRef = 9DEF7BC8205B60B100900DE7 /* images */; };
/* End PBXBuildFile section */

/* Begin PBXContainerItemProxy section */
		9DEF7BA7205B145E00900DE7 /* PBXContainerItemProxy */ = {
			isa = PBXContainerItemProxy;
			containerPortal = 9DEF7B8A205B145E00900DE7 /* Project object */;
			proxyType = 1;
			remoteGlobalIDString = 9DEF7B91205B145E00900DE7;
			remoteInfo = "Storyboard-App";
		};
		9DEF7BB2205B145E00900DE7 /* PBXContainerItemProxy */ = {
			isa = PBXContainerItemProxy;
			containerPortal = 9DEF7B8A205B145E00900DE7 /* Project object */;
			proxyType = 1;
			remoteGlobalIDString = 9DEF7B91205B145E00900DE7;
			remoteInfo = "Storyboard-App";
		};
/* End PBXContainerItemProxy section */

/* Begin PBXFileReference section */
		9DEF7B92205B145E00900DE7 /* Storyboard-App.app */ = {isa = PBXFileReference; explicitFileType = wrapper.application; includeInIndex = 0; path = "Storyboard-App.app"; sourceTree = BUILT_PRODUCTS_DIR; };
		9DEF7B95205B145E00900DE7 /* AppDelegate.swift */ = {isa = PBXFileReference; lastKnownFileType = sourcecode.swift; path = AppDelegate.swift; sourceTree = "<group>"; };
		9DEF7B97205B145E00900DE7 /* ViewController.swift */ = {isa = PBXFileReference; lastKnownFileType = sourcecode.swift; path = ViewController.swift; sourceTree = "<group>"; };
		9DEF7B9A205B145E00900DE7 /* Base */ = {isa = PBXFileReference; lastKnownFileType = file.storyboard; name = Base; path = Base.lproj/Main.storyboard; sourceTree = "<group>"; };
		9DEF7B9C205B145E00900DE7 /* Assets.xcassets */ = {isa = PBXFileReference; lastKnownFileType = folder.assetcatalog; path = Assets.xcassets; sourceTree = "<group>"; };
		9DEF7B9F205B145E00900DE7 /* Base */ = {isa = PBXFileReference; lastKnownFileType = file.storyboard; name = Base; path = Base.lproj/LaunchScreen.storyboard; sourceTree = "<group>"; };
		9DEF7BA1205B145E00900DE7 /* Info.plist */ = {isa = PBXFileReference; lastKnownFileType = text.plist.xml; path = Info.plist; sourceTree = "<group>"; };
		9DEF7BA6205B145E00900DE7 /* Storyboard-AppTests.xctest */ = {isa = PBXFileReference; explicitFileType = wrapper.cfbundle; includeInIndex = 0; path = "Storyboard-AppTests.xctest"; sourceTree = BUILT_PRODUCTS_DIR; };
		9DEF7BAA205B145E00900DE7 /* Storyboard_AppTests.swift */ = {isa = PBXFileReference; lastKnownFileType = sourcecode.swift; path = Storyboard_AppTests.swift; sourceTree = "<group>"; };
		9DEF7BAC205B145E00900DE7 /* Info.plist */ = {isa = PBXFileReference; lastKnownFileType = text.plist.xml; path = Info.plist; sourceTree = "<group>"; };
		9DEF7BB1205B145E00900DE7 /* Storyboard-AppUITests.xctest */ = {isa = PBXFileReference; explicitFileType = wrapper.cfbundle; includeInIndex = 0; path = "Storyboard-AppUITests.xctest"; sourceTree = BUILT_PRODUCTS_DIR; };
		9DEF7BB5205B145E00900DE7 /* Storyboard_AppUITests.swift */ = {isa = PBXFileReference; lastKnownFileType = sourcecode.swift; path = Storyboard_AppUITests.swift; sourceTree = "<group>"; };
		9DEF7BB7205B145E00900DE7 /* Info.plist */ = {isa = PBXFileReference; lastKnownFileType = text.plist.xml; path = Info.plist; sourceTree = "<group>"; };
		9DEF7BC3205B178B00900DE7 /* DestinationController1.swift */ = {isa = PBXFileReference; lastKnownFileType = sourcecode.swift; path = DestinationController1.swift; sourceTree = "<group>"; };
		9DEF7BC5205B179B00900DE7 /* DestinationController2.swift */ = {isa = PBXFileReference; lastKnownFileType = sourcecode.swift; path = DestinationController2.swift; sourceTree = "<group>"; };
		9DEF7BC7205B5E7E00900DE7 /* README.md */ = {isa = PBXFileReference; lastKnownFileType = net.daringfireball.markdown; path = README.md; sourceTree = "<group>"; };
		9DEF7BC8205B60B100900DE7 /* images */ = {isa = PBXFileReference; lastKnownFileType = folder; path = images; sourceTree = "<group>"; };
/* End PBXFileReference section */

/* Begin PBXFrameworksBuildPhase section */
		9DEF7B8F205B145E00900DE7 /* Frameworks */ = {
			isa = PBXFrameworksBuildPhase;
			buildActionMask = 2147483647;
			files = (
			);
			runOnlyForDeploymentPostprocessing = 0;
		};
		9DEF7BA3205B145E00900DE7 /* Frameworks */ = {
			isa = PBXFrameworksBuildPhase;
			buildActionMask = 2147483647;
			files = (
			);
			runOnlyForDeploymentPostprocessing = 0;
		};
		9DEF7BAE205B145E00900DE7 /* Frameworks */ = {
			isa = PBXFrameworksBuildPhase;
			buildActionMask = 2147483647;
			files = (
			);
			runOnlyForDeploymentPostprocessing = 0;
		};
/* End PBXFrameworksBuildPhase section */

/* Begin PBXGroup section */
		9DEF7B89205B145D00900DE7 = {
			isa = PBXGroup;
			children = (
				9DEF7BC7205B5E7E00900DE7 /* README.md */,
				9DEF7B94205B145E00900DE7 /* Storyboard-App */,
				9DEF7BA9205B145E00900DE7 /* Storyboard-AppTests */,
				9DEF7BB4205B145E00900DE7 /* Storyboard-AppUITests */,
				9DEF7B93205B145E00900DE7 /* Products */,
			);
			sourceTree = "<group>";
		};
		9DEF7B93205B145E00900DE7 /* Products */ = {
			isa = PBXGroup;
			children = (
				9DEF7B92205B145E00900DE7 /* Storyboard-App.app */,
				9DEF7BA6205B145E00900DE7 /* Storyboard-AppTests.xctest */,
				9DEF7BB1205B145E00900DE7 /* Storyboard-AppUITests.xctest */,
			);
			name = Products;
			sourceTree = "<group>";
		};
		9DEF7B94205B145E00900DE7 /* Storyboard-App */ = {
			isa = PBXGroup;
			children = (
				9DEF7BC8205B60B100900DE7 /* images */,
				9DEF7B95205B145E00900DE7 /* AppDelegate.swift */,
				9DEF7B97205B145E00900DE7 /* ViewController.swift */,
				9DEF7B99205B145E00900DE7 /* Main.storyboard */,
				9DEF7B9C205B145E00900DE7 /* Assets.xcassets */,
				9DEF7B9E205B145E00900DE7 /* LaunchScreen.storyboard */,
				9DEF7BA1205B145E00900DE7 /* Info.plist */,
				9DEF7BC3205B178B00900DE7 /* DestinationController1.swift */,
				9DEF7BC5205B179B00900DE7 /* DestinationController2.swift */,
			);
			path = "Storyboard-App";
			sourceTree = "<group>";
		};
		9DEF7BA9205B145E00900DE7 /* Storyboard-AppTests */ = {
			isa = PBXGroup;
			children = (
				9DEF7BAA205B145E00900DE7 /* Storyboard_AppTests.swift */,
				9DEF7BAC205B145E00900DE7 /* Info.plist */,
			);
			path = "Storyboard-AppTests";
			sourceTree = "<group>";
		};
		9DEF7BB4205B145E00900DE7 /* Storyboard-AppUITests */ = {
			isa = PBXGroup;
			children = (
				9DEF7BB5205B145E00900DE7 /* Storyboard_AppUITests.swift */,
				9DEF7BB7205B145E00900DE7 /* Info.plist */,
			);
			path = "Storyboard-AppUITests";
			sourceTree = "<group>";
		};
/* End PBXGroup section */

/* Begin PBXNativeTarget section */
		9DEF7B91205B145E00900DE7 /* Storyboard-App */ = {
			isa = PBXNativeTarget;
			buildConfigurationList = 9DEF7BBA205B145E00900DE7 /* Build configuration list for PBXNativeTarget "Storyboard-App" */;
			buildPhases = (
				9DEF7B8E205B145E00900DE7 /* Sources */,
				9DEF7B8F205B145E00900DE7 /* Frameworks */,
				9DEF7B90205B145E00900DE7 /* Resources */,
			);
			buildRules = (
			);
			dependencies = (
			);
			name = "Storyboard-App";
			productName = "Storyboard-App";
			productReference = 9DEF7B92205B145E00900DE7 /* Storyboard-App.app */;
			productType = "com.apple.product-type.application";
		};
		9DEF7BA5205B145E00900DE7 /* Storyboard-AppTests */ = {
			isa = PBXNativeTarget;
			buildConfigurationList = 9DEF7BBD205B145E00900DE7 /* Build configuration list for PBXNativeTarget "Storyboard-AppTests" */;
			buildPhases = (
				9DEF7BA2205B145E00900DE7 /* Sources */,
				9DEF7BA3205B145E00900DE7 /* Frameworks */,
				9DEF7BA4205B145E00900DE7 /* Resources */,
			);
			buildRules = (
			);
			dependencies = (
				9DEF7BA8205B145E00900DE7 /* PBXTargetDependency */,
			);
			name = "Storyboard-AppTests";
			productName = "Storyboard-AppTests";
			productReference = 9DEF7BA6205B145E00900DE7 /* Storyboard-AppTests.xctest */;
			productType = "com.apple.product-type.bundle.unit-test";
		};
		9DEF7BB0205B145E00900DE7 /* Storyboard-AppUITests */ = {
			isa = PBXNativeTarget;
			buildConfigurationList = 9DEF7BC0205B145E00900DE7 /* Build configuration list for PBXNativeTarget "Storyboard-AppUITests" */;
			buildPhases = (
				9DEF7BAD205B145E00900DE7 /* Sources */,
				9DEF7BAE205B145E00900DE7 /* Frameworks */,
				9DEF7BAF205B145E00900DE7 /* Resources */,
			);
			buildRules = (
			);
			dependencies = (
				9DEF7BB3205B145E00900DE7 /* PBXTargetDependency */,
			);
			name = "Storyboard-AppUITests";
			productName = "Storyboard-AppUITests";
			productReference = 9DEF7BB1205B145E00900DE7 /* Storyboard-AppUITests.xctest */;
			productType = "com.apple.product-type.bundle.ui-testing";
		};
/* End PBXNativeTarget section */

/* Begin PBXProject section */
		9DEF7B8A205B145E00900DE7 /* Project object */ = {
			isa = PBXProject;
			attributes = {
				LastSwiftUpdateCheck = 0920;
				LastUpgradeCheck = 0920;
				ORGANIZATIONNAME = "eno o udo jr";
				TargetAttributes = {
					9DEF7B91205B145E00900DE7 = {
						CreatedOnToolsVersion = 9.2;
						ProvisioningStyle = Automatic;
					};
					9DEF7BA5205B145E00900DE7 = {
						CreatedOnToolsVersion = 9.2;
						ProvisioningStyle = Automatic;
						TestTargetID = 9DEF7B91205B145E00900DE7;
					};
					9DEF7BB0205B145E00900DE7 = {
						CreatedOnToolsVersion = 9.2;
						ProvisioningStyle = Automatic;
						TestTargetID = 9DEF7B91205B145E00900DE7;
					};
				};
			};
			buildConfigurationList = 9DEF7B8D205B145E00900DE7 /* Build configuration list for PBXProject "Storyboard-App" */;
			compatibilityVersion = "Xcode 8.0";
			developmentRegion = en;
			hasScannedForEncodings = 0;
			knownRegions = (
				en,
				Base,
			);
			mainGroup = 9DEF7B89205B145D00900DE7;
			productRefGroup = 9DEF7B93205B145E00900DE7 /* Products */;
			projectDirPath = "";
			projectRoot = "";
			targets = (
				9DEF7B91205B145E00900DE7 /* Storyboard-App */,
				9DEF7BA5205B145E00900DE7 /* Storyboard-AppTests */,
				9DEF7BB0205B145E00900DE7 /* Storyboard-AppUITests */,
			);
		};
/* End PBXProject section */

/* Begin PBXResourcesBuildPhase section */
		9DEF7B90205B145E00900DE7 /* Resources */ = {
			isa = PBXResourcesBuildPhase;
			buildActionMask = 2147483647;
			files = (
				9DEF7BC9205B60B100900DE7 /* images in Resources */,
				9DEF7BA0205B145E00900DE7 /* LaunchScreen.storyboard in Resources */,
				9DEF7B9D205B145E00900DE7 /* Assets.xcassets in Resources */,
				9DEF7B9B205B145E00900DE7 /* Main.storyboard in Resources */,
			);
			runOnlyForDeploymentPostprocessing = 0;
		};
		9DEF7BA4205B145E00900DE7 /* Resources */ = {
			isa = PBXResourcesBuildPhase;
			buildActionMask = 2147483647;
			files = (
			);
			runOnlyForDeploymentPostprocessing = 0;
		};
		9DEF7BAF205B145E00900DE7 /* Resources */ = {
			isa = PBXResourcesBuildPhase;
			buildActionMask = 2147483647;
			files = (
			);
			runOnlyForDeploymentPostprocessing = 0;
		};
/* End PBXResourcesBuildPhase section */

/* Begin PBXSourcesBuildPhase section */
		9DEF7B8E205B145E00900DE7 /* Sources */ = {
			isa = PBXSourcesBuildPhase;
			buildActionMask = 2147483647;
			files = (
				9DEF7B98205B145E00900DE7 /* ViewController.swift in Sources */,
				9DEF7B96205B145E00900DE7 /* AppDelegate.swift in Sources */,
				9DEF7BC4205B178B00900DE7 /* DestinationController1.swift in Sources */,
				9DEF7BC6205B179B00900DE7 /* DestinationController2.swift in Sources */,
			);
			runOnlyForDeploymentPostprocessing = 0;
		};
		9DEF7BA2205B145E00900DE7 /* Sources */ = {
			isa = PBXSourcesBuildPhase;
			buildActionMask = 2147483647;
			files = (
				9DEF7BAB205B145E00900DE7 /* Storyboard_AppTests.swift in Sources */,
			);
			runOnlyForDeploymentPostprocessing = 0;
		};
		9DEF7BAD205B145E00900DE7 /* Sources */ = {
			isa = PBXSourcesBuildPhase;
			buildActionMask = 2147483647;
			files = (
				9DEF7BB6205B145E00900DE7 /* Storyboard_AppUITests.swift in Sources */,
			);
			runOnlyForDeploymentPostprocessing = 0;
		};
/* End PBXSourcesBuildPhase section */

/* Begin PBXTargetDependency section */
		9DEF7BA8205B145E00900DE7 /* PBXTargetDependency */ = {
			isa = PBXTargetDependency;
			target = 9DEF7B91205B145E00900DE7 /* Storyboard-App */;
			targetProxy = 9DEF7BA7205B145E00900DE7 /* PBXContainerItemProxy */;
		};
		9DEF7BB3205B145E00900DE7 /* PBXTargetDependency */ = {
			isa = PBXTargetDependency;
			target = 9DEF7B91205B145E00900DE7 /* Storyboard-App */;
			targetProxy = 9DEF7BB2205B145E00900DE7 /* PBXContainerItemProxy */;
		};
/* End PBXTargetDependency section */

/* Begin PBXVariantGroup section */
		9DEF7B99205B145E00900DE7 /* Main.storyboard */ = {
			isa = PBXVariantGroup;
			children = (
				9DEF7B9A205B145E00900DE7 /* Base */,
			);
			name = Main.storyboard;
			sourceTree = "<group>";
		};
		9DEF7B9E205B145E00900DE7 /* LaunchScreen.storyboard */ = {
			isa = PBXVariantGroup;
			children = (
				9DEF7B9F205B145E00900DE7 /* Base */,
			);
			name = LaunchScreen.storyboard;
			sourceTree = "<group>";
		};
/* End PBXVariantGroup section */

/* Begin XCBuildConfiguration section */
		9DEF7BB8205B145E00900DE7 /* Debug */ = {
			isa = XCBuildConfiguration;
			buildSettings = {
				ALWAYS_SEARCH_USER_PATHS = NO;
				CLANG_ANALYZER_NONNULL = YES;
				CLANG_ANALYZER_NUMBER_OBJECT_CONVERSION = YES_AGGRESSIVE;
				CLANG_CXX_LANGUAGE_STANDARD = "gnu++14";
				CLANG_CXX_LIBRARY = "libc++";
				CLANG_ENABLE_MODULES = YES;
				CLANG_ENABLE_OBJC_ARC = YES;
				CLANG_WARN_BLOCK_CAPTURE_AUTORELEASING = YES;
				CLANG_WARN_BOOL_CONVERSION = YES;
				CLANG_WARN_COMMA = YES;
				CLANG_WARN_CONSTANT_CONVERSION = YES;
				CLANG_WARN_DIRECT_OBJC_ISA_USAGE = YES_ERROR;
				CLANG_WARN_DOCUMENTATION_COMMENTS = YES;
				CLANG_WARN_EMPTY_BODY = YES;
				CLANG_WARN_ENUM_CONVERSION = YES;
				CLANG_WARN_INFINITE_RECURSION = YES;
				CLANG_WARN_INT_CONVERSION = YES;
				CLANG_WARN_NON_LITERAL_NULL_CONVERSION = YES;
				CLANG_WARN_OBJC_LITERAL_CONVERSION = YES;
				CLANG_WARN_OBJC_ROOT_CLASS = YES_ERROR;
				CLANG_WARN_RANGE_LOOP_ANALYSIS = YES;
				CLANG_WARN_STRICT_PROTOTYPES = YES;
				CLANG_WARN_SUSPICIOUS_MOVE = YES;
				CLANG_WARN_UNGUARDED_AVAILABILITY = YES_AGGRESSIVE;
				CLANG_WARN_UNREACHABLE_CODE = YES;
				CLANG_WARN__DUPLICATE_METHOD_MATCH = YES;
				CODE_SIGN_IDENTITY = "iPhone Developer";
				COPY_PHASE_STRIP = NO;
				DEBUG_INFORMATION_FORMAT = dwarf;
				ENABLE_STRICT_OBJC_MSGSEND = YES;
				ENABLE_TESTABILITY = YES;
				GCC_C_LANGUAGE_STANDARD = gnu11;
				GCC_DYNAMIC_NO_PIC = NO;
				GCC_NO_COMMON_BLOCKS = YES;
				GCC_OPTIMIZATION_LEVEL = 0;
				GCC_PREPROCESSOR_DEFINITIONS = (
					"DEBUG=1",
					"$(inherited)",
				);
				GCC_WARN_64_TO_32_BIT_CONVERSION = YES;
				GCC_WARN_ABOUT_RETURN_TYPE = YES_ERROR;
				GCC_WARN_UNDECLARED_SELECTOR = YES;
				GCC_WARN_UNINITIALIZED_AUTOS = YES_AGGRESSIVE;
				GCC_WARN_UNUSED_FUNCTION = YES;
				GCC_WARN_UNUSED_VARIABLE = YES;
				IPHONEOS_DEPLOYMENT_TARGET = 11.2;
				MTL_ENABLE_DEBUG_INFO = YES;
				ONLY_ACTIVE_ARCH = YES;
				SDKROOT = iphoneos;
				SWIFT_ACTIVE_COMPILATION_CONDITIONS = DEBUG;
				SWIFT_OPTIMIZATION_LEVEL = "-Onone";
			};
			name = Debug;
		};
		9DEF7BB9205B145E00900DE7 /* Release */ = {
			isa = XCBuildConfiguration;
			buildSettings = {
				ALWAYS_SEARCH_USER_PATHS = NO;
				CLANG_ANALYZER_NONNULL = YES;
				CLANG_ANALYZER_NUMBER_OBJECT_CONVERSION = YES_AGGRESSIVE;
				CLANG_CXX_LANGUAGE_STANDARD = "gnu++14";
				CLANG_CXX_LIBRARY = "libc++";
				CLANG_ENABLE_MODULES = YES;
				CLANG_ENABLE_OBJC_ARC = YES;
				CLANG_WARN_BLOCK_CAPTURE_AUTORELEASING = YES;
				CLANG_WARN_BOOL_CONVERSION = YES;
				CLANG_WARN_COMMA = YES;
				CLANG_WARN_CONSTANT_CONVERSION = YES;
				CLANG_WARN_DIRECT_OBJC_ISA_USAGE = YES_ERROR;
				CLANG_WARN_DOCUMENTATION_COMMENTS = YES;
				CLANG_WARN_EMPTY_BODY = YES;
				CLANG_WARN_ENUM_CONVERSION = YES;
				CLANG_WARN_INFINITE_RECURSION = YES;
				CLANG_WARN_INT_CONVERSION = YES;
				CLANG_WARN_NON_LITERAL_NULL_CONVERSION = YES;
				CLANG_WARN_OBJC_LITERAL_CONVERSION = YES;
				CLANG_WARN_OBJC_ROOT_CLASS = YES_ERROR;
				CLANG_WARN_RANGE_LOOP_ANALYSIS = YES;
				CLANG_WARN_STRICT_PROTOTYPES = YES;
				CLANG_WARN_SUSPICIOUS_MOVE = YES;
				CLANG_WARN_UNGUARDED_AVAILABILITY = YES_AGGRESSIVE;
				CLANG_WARN_UNREACHABLE_CODE = YES;
				CLANG_WARN__DUPLICATE_METHOD_MATCH = YES;
				CODE_SIGN_IDENTITY = "iPhone Developer";
				COPY_PHASE_STRIP = NO;
				DEBUG_INFORMATION_FORMAT = "dwarf-with-dsym";
				ENABLE_NS_ASSERTIONS = NO;
				ENABLE_STRICT_OBJC_MSGSEND = YES;
				GCC_C_LANGUAGE_STANDARD = gnu11;
				GCC_NO_COMMON_BLOCKS = YES;
				GCC_WARN_64_TO_32_BIT_CONVERSION = YES;
				GCC_WARN_ABOUT_RETURN_TYPE = YES_ERROR;
				GCC_WARN_UNDECLARED_SELECTOR = YES;
				GCC_WARN_UNINITIALIZED_AUTOS = YES_AGGRESSIVE;
				GCC_WARN_UNUSED_FUNCTION = YES;
				GCC_WARN_UNUSED_VARIABLE = YES;
				IPHONEOS_DEPLOYMENT_TARGET = 11.2;
				MTL_ENABLE_DEBUG_INFO = NO;
				SDKROOT = iphoneos;
				SWIFT_OPTIMIZATION_LEVEL = "-Owholemodule";
				VALIDATE_PRODUCT = YES;
			};
			name = Release;
		};
		9DEF7BBB205B145E00900DE7 /* Debug */ = {
			isa = XCBuildConfiguration;
			buildSettings = {
				ASSETCATALOG_COMPILER_APPICON_NAME = AppIcon;
				CODE_SIGN_STYLE = Automatic;
				DEVELOPMENT_TEAM = YB862X2362;
				INFOPLIST_FILE = "Storyboard-App/Info.plist";
				LD_RUNPATH_SEARCH_PATHS = "$(inherited) @executable_path/Frameworks";
				PRODUCT_BUNDLE_IDENTIFIER = "com.eu.Storyboard-App";
				PRODUCT_NAME = "$(TARGET_NAME)";
				SWIFT_VERSION = 4.0;
				TARGETED_DEVICE_FAMILY = "1,2";
			};
			name = Debug;
		};
		9DEF7BBC205B145E00900DE7 /* Release */ = {
			isa = XCBuildConfiguration;
			buildSettings = {
				ASSETCATALOG_COMPILER_APPICON_NAME = AppIcon;
				CODE_SIGN_STYLE = Automatic;
				DEVELOPMENT_TEAM = YB862X2362;
				INFOPLIST_FILE = "Storyboard-App/Info.plist";
				LD_RUNPATH_SEARCH_PATHS = "$(inherited) @executable_path/Frameworks";
				PRODUCT_BUNDLE_IDENTIFIER = "com.eu.Storyboard-App";
				PRODUCT_NAME = "$(TARGET_NAME)";
				SWIFT_VERSION = 4.0;
				TARGETED_DEVICE_FAMILY = "1,2";
			};
			name = Release;
		};
		9DEF7BBE205B145E00900DE7 /* Debug */ = {
			isa = XCBuildConfiguration;
			buildSettings = {
				ALWAYS_EMBED_SWIFT_STANDARD_LIBRARIES = YES;
				BUNDLE_LOADER = "$(TEST_HOST)";
				CODE_SIGN_STYLE = Automatic;
				INFOPLIST_FILE = "Storyboard-AppTests/Info.plist";
				LD_RUNPATH_SEARCH_PATHS = "$(inherited) @executable_path/Frameworks @loader_path/Frameworks";
				PRODUCT_BUNDLE_IDENTIFIER = "com.eu.Storyboard-AppTests";
				PRODUCT_NAME = "$(TARGET_NAME)";
				SWIFT_VERSION = 4.0;
				TARGETED_DEVICE_FAMILY = "1,2";
				TEST_HOST = "$(BUILT_PRODUCTS_DIR)/Storyboard-App.app/Storyboard-App";
			};
			name = Debug;
		};
		9DEF7BBF205B145E00900DE7 /* Release */ = {
			isa = XCBuildConfiguration;
			buildSettings = {
				ALWAYS_EMBED_SWIFT_STANDARD_LIBRARIES = YES;
				BUNDLE_LOADER = "$(TEST_HOST)";
				CODE_SIGN_STYLE = Automatic;
				INFOPLIST_FILE = "Storyboard-AppTests/Info.plist";
				LD_RUNPATH_SEARCH_PATHS = "$(inherited) @executable_path/Frameworks @loader_path/Frameworks";
				PRODUCT_BUNDLE_IDENTIFIER = "com.eu.Storyboard-AppTests";
				PRODUCT_NAME = "$(TARGET_NAME)";
				SWIFT_VERSION = 4.0;
				TARGETED_DEVICE_FAMILY = "1,2";
				TEST_HOST = "$(BUILT_PRODUCTS_DIR)/Storyboard-App.app/Storyboard-App";
			};
			name = Release;
		};
		9DEF7BC1205B145E00900DE7 /* Debug */ = {
			isa = XCBuildConfiguration;
			buildSettings = {
				ALWAYS_EMBED_SWIFT_STANDARD_LIBRARIES = YES;
				CODE_SIGN_STYLE = Automatic;
				INFOPLIST_FILE = "Storyboard-AppUITests/Info.plist";
				LD_RUNPATH_SEARCH_PATHS = "$(inherited) @executable_path/Frameworks @loader_path/Frameworks";
				PRODUCT_BUNDLE_IDENTIFIER = "com.eu.Storyboard-AppUITests";
				PRODUCT_NAME = "$(TARGET_NAME)";
				SWIFT_VERSION = 4.0;
				TARGETED_DEVICE_FAMILY = "1,2";
				TEST_TARGET_NAME = "Storyboard-App";
			};
			name = Debug;
		};
		9DEF7BC2205B145E00900DE7 /* Release */ = {
			isa = XCBuildConfiguration;
			buildSettings = {
				ALWAYS_EMBED_SWIFT_STANDARD_LIBRARIES = YES;
				CODE_SIGN_STYLE = Automatic;
				INFOPLIST_FILE = "Storyboard-AppUITests/Info.plist";
				LD_RUNPATH_SEARCH_PATHS = "$(inherited) @executable_path/Frameworks @loader_path/Frameworks";
				PRODUCT_BUNDLE_IDENTIFIER = "com.eu.Storyboard-AppUITests";
				PRODUCT_NAME = "$(TARGET_NAME)";
				SWIFT_VERSION = 4.0;
				TARGETED_DEVICE_FAMILY = "1,2";
				TEST_TARGET_NAME = "Storyboard-App";
			};
			name = Release;
		};
/* End XCBuildConfiguration section */

/* Begin XCConfigurationList section */
		9DEF7B8D205B145E00900DE7 /* Build configuration list for PBXProject "Storyboard-App" */ = {
			isa = XCConfigurationList;
			buildConfigurations = (
				9DEF7BB8205B145E00900DE7 /* Debug */,
				9DEF7BB9205B145E00900DE7 /* Release */,
			);
			defaultConfigurationIsVisible = 0;
			defaultConfigurationName = Release;
		};
		9DEF7BBA205B145E00900DE7 /* Build configuration list for PBXNativeTarget "Storyboard-App" */ = {
			isa = XCConfigurationList;
			buildConfigurations = (
				9DEF7BBB205B145E00900DE7 /* Debug */,
				9DEF7BBC205B145E00900DE7 /* Release */,
			);
			defaultConfigurationIsVisible = 0;
			defaultConfigurationName = Release;
		};
		9DEF7BBD205B145E00900DE7 /* Build configuration list for PBXNativeTarget "Storyboard-AppTests" */ = {
			isa = XCConfigurationList;
			buildConfigurations = (
				9DEF7BBE205B145E00900DE7 /* Debug */,
				9DEF7BBF205B145E00900DE7 /* Release */,
			);
			defaultConfigurationIsVisible = 0;
			defaultConfigurationName = Release;
		};
		9DEF7BC0205B145E00900DE7 /* Build configuration list for PBXNativeTarget "Storyboard-AppUITests" */ = {
			isa = XCConfigurationList;
			buildConfigurations = (
				9DEF7BC1205B145E00900DE7 /* Debug */,
				9DEF7BC2205B145E00900DE7 /* Release */,
			);
			defaultConfigurationIsVisible = 0;
			defaultConfigurationName = Release;
		};
/* End XCConfigurationList section */
	};
	rootObject = 9DEF7B8A205B145E00900DE7 /* Project object */;
}
